// !$*UTF8*$!
{
	archiveVersion = 1;
	classes = {
	};
	objectVersion = 46;
	objects = {

/* Begin PBXBuildFile section */
		571135191D980E18006D15F0 /* AppDelegate.swift in Sources */ = {isa = PBXBuildFile; fileRef = 571135181D980E18006D15F0 /* AppDelegate.swift */; };
		5711351B1D980E18006D15F0 /* ViewController.swift in Sources */ = {isa = PBXBuildFile; fileRef = 5711351A1D980E18006D15F0 /* ViewController.swift */; };
		5711351E1D980E18006D15F0 /* Main.storyboard in Resources */ = {isa = PBXBuildFile; fileRef = 5711351C1D980E18006D15F0 /* Main.storyboard */; };
		571135201D980E18006D15F0 /* Assets.xcassets in Resources */ = {isa = PBXBuildFile; fileRef = 5711351F1D980E18006D15F0 /* Assets.xcassets */; };
		571135231D980E18006D15F0 /* LaunchScreen.storyboard in Resources */ = {isa = PBXBuildFile; fileRef = 571135211D980E18006D15F0 /* LaunchScreen.storyboard */; };
		571135311D98173E006D15F0 /* SciChart.framework in Frameworks */ = {isa = PBXBuildFile; fileRef = 5711352B1D980FDE006D15F0 /* SciChart.framework */; };
		571135321D98173E006D15F0 /* SciChart.framework in Embed Frameworks */ = {isa = PBXBuildFile; fileRef = 5711352B1D980FDE006D15F0 /* SciChart.framework */; settings = {ATTRIBUTES = (CodeSignOnCopy, RemoveHeadersOnCopy, ); }; };
		571135361D9823FF006D15F0 /* ChartView.swift in Sources */ = {isa = PBXBuildFile; fileRef = 571135351D9823FF006D15F0 /* ChartView.swift */; };
		571135381D98552E006D15F0 /* SCIGenericWrapper.swift in Sources */ = {isa = PBXBuildFile; fileRef = 571135371D98552E006D15F0 /* SCIGenericWrapper.swift */; };
		5711353B1D98599C006D15F0 /* ChartDataGenerator.swift in Sources */ = {isa = PBXBuildFile; fileRef = 5711353A1D98599C006D15F0 /* ChartDataGenerator.swift */; };
/* End PBXBuildFile section */

/* Begin PBXCopyFilesBuildPhase section */
		571135331D98173E006D15F0 /* Embed Frameworks */ = {
			isa = PBXCopyFilesBuildPhase;
			buildActionMask = 2147483647;
			dstPath = "";
			dstSubfolderSpec = 10;
			files = (
				571135321D98173E006D15F0 /* SciChart.framework in Embed Frameworks */,
			);
			name = "Embed Frameworks";
			runOnlyForDeploymentPostprocessing = 0;
		};
/* End PBXCopyFilesBuildPhase section */

/* Begin PBXFileReference section */
		571135151D980E18006D15F0 /* SciChartTest.app */ = {isa = PBXFileReference; explicitFileType = wrapper.application; includeInIndex = 0; path = SciChartTest.app; sourceTree = BUILT_PRODUCTS_DIR; };
		571135181D980E18006D15F0 /* AppDelegate.swift */ = {isa = PBXFileReference; lastKnownFileType = sourcecode.swift; path = AppDelegate.swift; sourceTree = "<group>"; };
		5711351A1D980E18006D15F0 /* ViewController.swift */ = {isa = PBXFileReference; lastKnownFileType = sourcecode.swift; path = ViewController.swift; sourceTree = "<group>"; };
		5711351D1D980E18006D15F0 /* Base */ = {isa = PBXFileReference; lastKnownFileType = file.storyboard; name = Base; path = Base.lproj/Main.storyboard; sourceTree = "<group>"; };
		5711351F1D980E18006D15F0 /* Assets.xcassets */ = {isa = PBXFileReference; lastKnownFileType = folder.assetcatalog; path = Assets.xcassets; sourceTree = "<group>"; };
		571135221D980E18006D15F0 /* Base */ = {isa = PBXFileReference; lastKnownFileType = file.storyboard; name = Base; path = Base.lproj/LaunchScreen.storyboard; sourceTree = "<group>"; };
		571135241D980E18006D15F0 /* Info.plist */ = {isa = PBXFileReference; lastKnownFileType = text.plist.xml; path = Info.plist; sourceTree = "<group>"; };
		5711352B1D980FDE006D15F0 /* SciChart.framework */ = {isa = PBXFileReference; lastKnownFileType = wrapper.framework; path = SciChart.framework; sourceTree = "<group>"; };
		571135351D9823FF006D15F0 /* ChartView.swift */ = {isa = PBXFileReference; fileEncoding = 4; lastKnownFileType = sourcecode.swift; path = ChartView.swift; sourceTree = "<group>"; };
		571135371D98552E006D15F0 /* SCIGenericWrapper.swift */ = {isa = PBXFileReference; fileEncoding = 4; lastKnownFileType = sourcecode.swift; path = SCIGenericWrapper.swift; sourceTree = "<group>"; };
		5711353A1D98599C006D15F0 /* ChartDataGenerator.swift */ = {isa = PBXFileReference; fileEncoding = 4; lastKnownFileType = sourcecode.swift; path = ChartDataGenerator.swift; sourceTree = "<group>"; };
/* End PBXFileReference section */

/* Begin PBXFrameworksBuildPhase section */
		571135121D980E18006D15F0 /* Frameworks */ = {
			isa = PBXFrameworksBuildPhase;
			buildActionMask = 2147483647;
			files = (
				571135311D98173E006D15F0 /* SciChart.framework in Frameworks */,
			);
			runOnlyForDeploymentPostprocessing = 0;
		};
/* End PBXFrameworksBuildPhase section */

/* Begin PBXGroup section */
		5711350C1D980E18006D15F0 = {
			isa = PBXGroup;
			children = (
				571135171D980E18006D15F0 /* SciChartTest */,
				571135161D980E18006D15F0 /* Products */,
			);
			sourceTree = "<group>";
		};
		571135161D980E18006D15F0 /* Products */ = {
			isa = PBXGroup;
			children = (
				571135151D980E18006D15F0 /* SciChartTest.app */,
			);
			name = Products;
			sourceTree = "<group>";
		};
		571135171D980E18006D15F0 /* SciChartTest */ = {
			isa = PBXGroup;
			children = (
				571135391D985965006D15F0 /* Model */,
				571135341D98238E006D15F0 /* Views */,
				5711352D1D980FF6006D15F0 /* Resources */,
				5711352A1D980FDE006D15F0 /* Frameworks */,
				5711351A1D980E18006D15F0 /* ViewController.swift */,
				5711351C1D980E18006D15F0 /* Main.storyboard */,
			);
			path = SciChartTest;
			sourceTree = "<group>";
		};
		5711352A1D980FDE006D15F0 /* Frameworks */ = {
			isa = PBXGroup;
			children = (
				571135371D98552E006D15F0 /* SCIGenericWrapper.swift */,
				5711352B1D980FDE006D15F0 /* SciChart.framework */,
			);
			path = Frameworks;
			sourceTree = "<group>";
		};
		5711352D1D980FF6006D15F0 /* Resources */ = {
			isa = PBXGroup;
			children = (
				571135181D980E18006D15F0 /* AppDelegate.swift */,
				5711351F1D980E18006D15F0 /* Assets.xcassets */,
				571135211D980E18006D15F0 /* LaunchScreen.storyboard */,
				571135241D980E18006D15F0 /* Info.plist */,
			);
			name = Resources;
			sourceTree = "<group>";
		};
		571135341D98238E006D15F0 /* Views */ = {
			isa = PBXGroup;
			children = (
				571135351D9823FF006D15F0 /* ChartView.swift */,
			);
			path = Views;
			sourceTree = "<group>";
		};
		571135391D985965006D15F0 /* Model */ = {
			isa = PBXGroup;
			children = (
				5711353A1D98599C006D15F0 /* ChartDataGenerator.swift */,
			);
			path = Model;
			sourceTree = "<group>";
		};
/* End PBXGroup section */

/* Begin PBXNativeTarget section */
		571135141D980E18006D15F0 /* SciChartTest */ = {
			isa = PBXNativeTarget;
			buildConfigurationList = 571135271D980E18006D15F0 /* Build configuration list for PBXNativeTarget "SciChartTest" */;
			buildPhases = (
				571135111D980E18006D15F0 /* Sources */,
				571135121D980E18006D15F0 /* Frameworks */,
				571135131D980E18006D15F0 /* Resources */,
				571135331D98173E006D15F0 /* Embed Frameworks */,
			);
			buildRules = (
			);
			dependencies = (
			);
			name = SciChartTest;
			productName = SciChartTest;
			productReference = 571135151D980E18006D15F0 /* SciChartTest.app */;
			productType = "com.apple.product-type.application";
		};
/* End PBXNativeTarget section */

/* Begin PBXProject section */
		5711350D1D980E18006D15F0 /* Project object */ = {
			isa = PBXProject;
			attributes = {
				LastSwiftUpdateCheck = 0800;
				LastUpgradeCheck = 0800;
				ORGANIZATIONNAME = "Alexander Ostrovsky";
				TargetAttributes = {
					571135141D980E18006D15F0 = {
						CreatedOnToolsVersion = 8.0;
						DevelopmentTeam = 2UZBQ4Q9LW;
						ProvisioningStyle = Automatic;
					};
				};
			};
			buildConfigurationList = 571135101D980E18006D15F0 /* Build configuration list for PBXProject "SciChartTest" */;
			compatibilityVersion = "Xcode 3.2";
			developmentRegion = English;
			hasScannedForEncodings = 0;
			knownRegions = (
				en,
				Base,
			);
			mainGroup = 5711350C1D980E18006D15F0;
			productRefGroup = 571135161D980E18006D15F0 /* Products */;
			projectDirPath = "";
			projectRoot = "";
			targets = (
				571135141D980E18006D15F0 /* SciChartTest */,
			);
		};
/* End PBXProject section */

/* Begin PBXResourcesBuildPhase section */
		571135131D980E18006D15F0 /* Resources */ = {
			isa = PBXResourcesBuildPhase;
			buildActionMask = 2147483647;
			files = (
				571135231D980E18006D15F0 /* LaunchScreen.storyboard in Resources */,
				571135201D980E18006D15F0 /* Assets.xcassets in Resources */,
				5711351E1D980E18006D15F0 /* Main.storyboard in Resources */,
			);
			runOnlyForDeploymentPostprocessing = 0;
		};
/* End PBXResourcesBuildPhase section */

/* Begin PBXSourcesBuildPhase section */
		571135111D980E18006D15F0 /* Sources */ = {
			isa = PBXSourcesBuildPhase;
			buildActionMask = 2147483647;
			files = (
				5711351B1D980E18006D15F0 /* ViewController.swift in Sources */,
				571135191D980E18006D15F0 /* AppDelegate.swift in Sources */,
				571135361D9823FF006D15F0 /* ChartView.swift in Sources */,
				571135381D98552E006D15F0 /* SCIGenericWrapper.swift in Sources */,
				5711353B1D98599C006D15F0 /* ChartDataGenerator.swift in Sources */,
			);
			runOnlyForDeploymentPostprocessing = 0;
		};
/* End PBXSourcesBuildPhase section */

/* Begin PBXVariantGroup section */
		5711351C1D980E18006D15F0 /* Main.storyboard */ = {
			isa = PBXVariantGroup;
			children = (
				5711351D1D980E18006D15F0 /* Base */,
			);
			name = Main.storyboard;
			sourceTree = "<group>";
		};
		571135211D980E18006D15F0 /* LaunchScreen.storyboard */ = {
			isa = PBXVariantGroup;
			children = (
				571135221D980E18006D15F0 /* Base */,
			);
			name = LaunchScreen.storyboard;
			sourceTree = "<group>";
		};
/* End PBXVariantGroup section */

/* Begin XCBuildConfiguration section */
		571135251D980E18006D15F0 /* Debug */ = {
			isa = XCBuildConfiguration;
			buildSettings = {
				ALWAYS_SEARCH_USER_PATHS = NO;
				CLANG_ANALYZER_NONNULL = YES;
				CLANG_CXX_LANGUAGE_STANDARD = "gnu++0x";
				CLANG_CXX_LIBRARY = "libc++";
				CLANG_ENABLE_MODULES = YES;
				CLANG_ENABLE_OBJC_ARC = YES;
				CLANG_WARN_BOOL_CONVERSION = YES;
				CLANG_WARN_CONSTANT_CONVERSION = YES;
				CLANG_WARN_DIRECT_OBJC_ISA_USAGE = YES_ERROR;
				CLANG_WARN_DOCUMENTATION_COMMENTS = YES;
				CLANG_WARN_EMPTY_BODY = YES;
				CLANG_WARN_ENUM_CONVERSION = YES;
				CLANG_WARN_INFINITE_RECURSION = YES;
				CLANG_WARN_INT_CONVERSION = YES;
				CLANG_WARN_OBJC_ROOT_CLASS = YES_ERROR;
				CLANG_WARN_SUSPICIOUS_MOVES = YES;
				CLANG_WARN_UNREACHABLE_CODE = YES;
				CLANG_WARN__DUPLICATE_METHOD_MATCH = YES;
				"CODE_SIGN_IDENTITY[sdk=iphoneos*]" = "iPhone Developer";
				COPY_PHASE_STRIP = NO;
				DEBUG_INFORMATION_FORMAT = dwarf;
				ENABLE_STRICT_OBJC_MSGSEND = YES;
				ENABLE_TESTABILITY = YES;
				GCC_C_LANGUAGE_STANDARD = gnu99;
				GCC_DYNAMIC_NO_PIC = NO;
				GCC_NO_COMMON_BLOCKS = YES;
				GCC_OPTIMIZATION_LEVEL = 0;
				GCC_PREPROCESSOR_DEFINITIONS = (
					"DEBUG=1",
					"$(inherited)",
				);
				GCC_WARN_64_TO_32_BIT_CONVERSION = YES;
				GCC_WARN_ABOUT_RETURN_TYPE = YES_ERROR;
				GCC_WARN_UNDECLARED_SELECTOR = YES;
				GCC_WARN_UNINITIALIZED_AUTOS = YES_AGGRESSIVE;
				GCC_WARN_UNUSED_FUNCTION = YES;
				GCC_WARN_UNUSED_VARIABLE = YES;
				IPHONEOS_DEPLOYMENT_TARGET = 10.0;
				MTL_ENABLE_DEBUG_INFO = YES;
				ONLY_ACTIVE_ARCH = YES;
				SDKROOT = iphoneos;
				SWIFT_ACTIVE_COMPILATION_CONDITIONS = DEBUG;
				SWIFT_OPTIMIZATION_LEVEL = "-Onone";
			};
			name = Debug;
		};
		571135261D980E18006D15F0 /* Release */ = {
			isa = XCBuildConfiguration;
			buildSettings = {
				ALWAYS_SEARCH_USER_PATHS = NO;
				CLANG_ANALYZER_NONNULL = YES;
				CLANG_CXX_LANGUAGE_STANDARD = "gnu++0x";
				CLANG_CXX_LIBRARY = "libc++";
				CLANG_ENABLE_MODULES = YES;
				CLANG_ENABLE_OBJC_ARC = YES;
				CLANG_WARN_BOOL_CONVERSION = YES;
				CLANG_WARN_CONSTANT_CONVERSION = YES;
				CLANG_WARN_DIRECT_OBJC_ISA_USAGE = YES_ERROR;
				CLANG_WARN_DOCUMENTATION_COMMENTS = YES;
				CLANG_WARN_EMPTY_BODY = YES;
				CLANG_WARN_ENUM_CONVERSION = YES;
				CLANG_WARN_INFINITE_RECURSION = YES;
				CLANG_WARN_INT_CONVERSION = YES;
				CLANG_WARN_OBJC_ROOT_CLASS = YES_ERROR;
				CLANG_WARN_SUSPICIOUS_MOVES = YES;
				CLANG_WARN_UNREACHABLE_CODE = YES;
				CLANG_WARN__DUPLICATE_METHOD_MATCH = YES;
				"CODE_SIGN_IDENTITY[sdk=iphoneos*]" = "iPhone Developer";
				COPY_PHASE_STRIP = NO;
				DEBUG_INFORMATION_FORMAT = "dwarf-with-dsym";
				ENABLE_NS_ASSERTIONS = NO;
				ENABLE_STRICT_OBJC_MSGSEND = YES;
				GCC_C_LANGUAGE_STANDARD = gnu99;
				GCC_NO_COMMON_BLOCKS = YES;
				GCC_WARN_64_TO_32_BIT_CONVERSION = YES;
				GCC_WARN_ABOUT_RETURN_TYPE = YES_ERROR;
				GCC_WARN_UNDECLARED_SELECTOR = YES;
				GCC_WARN_UNINITIALIZED_AUTOS = YES_AGGRESSIVE;
				GCC_WARN_UNUSED_FUNCTION = YES;
				GCC_WARN_UNUSED_VARIABLE = YES;
				IPHONEOS_DEPLOYMENT_TARGET = 10.0;
				MTL_ENABLE_DEBUG_INFO = NO;
				SDKROOT = iphoneos;
				SWIFT_OPTIMIZATION_LEVEL = "-Owholemodule";
				VALIDATE_PRODUCT = YES;
			};
			name = Release;
		};
		571135281D980E18006D15F0 /* Debug */ = {
			isa = XCBuildConfiguration;
			buildSettings = {
				ASSETCATALOG_COMPILER_APPICON_NAME = AppIcon;
				DEVELOPMENT_TEAM = 2UZBQ4Q9LW;
				FRAMEWORK_SEARCH_PATHS = (
					"$(inherited)",
					"$(PROJECT_DIR)/SciChartTest/Frameworks",
				);
				INFOPLIST_FILE = SciChartTest/Info.plist;
				LD_RUNPATH_SEARCH_PATHS = "$(inherited) @executable_path/Frameworks";
				PRODUCT_BUNDLE_IDENTIFIER = aleos.SciChartTest;
				PRODUCT_NAME = "$(TARGET_NAME)";
				SWIFT_VERSION = 3.0;
			};
			name = Debug;
		};
		571135291D980E18006D15F0 /* Release */ = {
			isa = XCBuildConfiguration;
			buildSettings = {
				ASSETCATALOG_COMPILER_APPICON_NAME = AppIcon;
				DEVELOPMENT_TEAM = 2UZBQ4Q9LW;
				FRAMEWORK_SEARCH_PATHS = (
					"$(inherited)",
					"$(PROJECT_DIR)/SciChartTest/Frameworks",
				);
				INFOPLIST_FILE = SciChartTest/Info.plist;
				LD_RUNPATH_SEARCH_PATHS = "$(inherited) @executable_path/Frameworks";
				PRODUCT_BUNDLE_IDENTIFIER = aleos.SciChartTest;
				PRODUCT_NAME = "$(TARGET_NAME)";
				SWIFT_VERSION = 3.0;
			};
			name = Release;
		};
/* End XCBuildConfiguration section */

/* Begin XCConfigurationList section */
		571135101D980E18006D15F0 /* Build configuration list for PBXProject "SciChartTest" */ = {
			isa = XCConfigurationList;
			buildConfigurations = (
				571135251D980E18006D15F0 /* Debug */,
				571135261D980E18006D15F0 /* Release */,
			);
			defaultConfigurationIsVisible = 0;
			defaultConfigurationName = Release;
		};
		571135271D980E18006D15F0 /* Build configuration list for PBXNativeTarget "SciChartTest" */ = {
			isa = XCConfigurationList;
			buildConfigurations = (
				571135281D980E18006D15F0 /* Debug */,
				571135291D980E18006D15F0 /* Release */,
			);
			defaultConfigurationIsVisible = 0;
			defaultConfigurationName = Release;
		};
/* End XCConfigurationList section */
	};
	rootObject = 5711350D1D980E18006D15F0 /* Project object */;
}
